{
  "name": "pull-meetupcom-events",
  "version": "1.0.0",
  "lockfileVersion": 1,
  "requires": true,
  "dependencies": {
    "aws-lambda-data-utils": {
      "version": "1.0.0",
      "resolved": "https://registry.npmjs.org/aws-lambda-data-utils/-/aws-lambda-data-utils-1.0.0.tgz",
      "integrity": "sha512-jfzEJ7RII1SXAXoKevCS3C9bB0BGU1c8qTVBxqMoOaENVC3cpOSyzdSNdftW7WYHCKlWDt9IBmEcg57LnPL1WA=="
    }
  }
}
